
Microsoft Visual Studio Solution File, Format Version 12.00
# Visual Studio Version 16
VisualStudioVersion = 16.0.29926.136
MinimumVisualStudioVersion = 10.0.40219.1
Project("{FAE04EC0-301F-11D3-BF4B-00C04F79EFBC}") = "ClientDownloader", "ClientDownloader\ClientDownloader.csproj", "{A7544127-079F-4A58-9C1E-383683217AFE}"
EndProject
Global
	GlobalSection(SolutionConfigurationPlatforms) = preSolution
		Debug|Any CPU = Debug|Any CPU
		Release|Any CPU = Release|Any CPU
	EndGlobalSection
	GlobalSection(ProjectConfigurationPlatforms) = postSolution
		{A7544127-079F-4A58-9C1E-383683217AFE}.Debug|Any CPU.ActiveCfg = Debug|Any CPU
		{A7544127-079F-4A58-9C1E-383683217AFE}.Debug|Any CPU.Build.0 = Debug|Any CPU
		{A7544127-079F-4A58-9C1E-383683217AFE}.Release|Any CPU.ActiveCfg = Release|Any CPU
		{A7544127-079F-4A58-9C1E-383683217AFE}.Release|Any CPU.Build.0 = Release|Any CPU
	EndGlobalSection
	GlobalSection(SolutionProperties) = preSolution
		HideSolutionNode = FALSE
	EndGlobalSection
	GlobalSection(ExtensibilityGlobals) = postSolution
		SolutionGuid = {F7425BAD-E6D7-4E77-86D6-EABB25A88460}
	EndGlobalSection
EndGlobal
